
Microsoft Visual Studio Solution File, Format Version 12.00
# Visual Studio Version 17
VisualStudioVersion = 17.5.33530.505
MinimumVisualStudioVersion = 10.0.40219.1
Project("{8BC9CEB8-8B4A-11D0-8D11-00A0C91BC942}") = "MT3_Ver1.00", "MT3_Ver1.00.vcxproj", "{9B596EE5-E5B4-46B4-A822-1E19D2441587}"
EndProject
Global
	GlobalSection(SolutionConfigurationPlatforms) = preSolution
		Debug|x64 = Debug|x64
		Release|x64 = Release|x64
	EndGlobalSection
	GlobalSection(ProjectConfigurationPlatforms) = postSolution
		{9B596EE5-E5B4-46B4-A822-1E19D2441587}.Debug|x64.ActiveCfg = Debug|x64
		{9B596EE5-E5B4-46B4-A822-1E19D2441587}.Debug|x64.Build.0 = Debug|x64
		{9B596EE5-E5B4-46B4-A822-1E19D2441587}.Release|x64.ActiveCfg = Release|x64
		{9B596EE5-E5B4-46B4-A822-1E19D2441587}.Release|x64.Build.0 = Release|x64
	EndGlobalSection
	GlobalSection(SolutionProperties) = preSolution
		HideSolutionNode = FALSE
	EndGlobalSection
	GlobalSection(ExtensibilityGlobals) = postSolution
		SolutionGuid = {481ADC10-E4F4-46CC-845D-BF49F66F076C}
	EndGlobalSection
EndGlobal
